
Microsoft Visual Studio Solution File, Format Version 12.00
# Visual Studio Version 16
VisualStudioVersion = 16.0.29503.13
MinimumVisualStudioVersion = 10.0.40219.1
Project("{FAE04EC0-301F-11D3-BF4B-00C04F79EFBC}") = "CarAPI", "CarAPI.csproj", "{C1821DD2-05E3-4443-BC1F-0E03E18B1CC8}"
EndProject
Global
	GlobalSection(SolutionConfigurationPlatforms) = preSolution
		Debug|Any CPU = Debug|Any CPU
		Release|Any CPU = Release|Any CPU
	EndGlobalSection
	GlobalSection(ProjectConfigurationPlatforms) = postSolution
		{C1821DD2-05E3-4443-BC1F-0E03E18B1CC8}.Debug|Any CPU.ActiveCfg = Debug|Any CPU
		{C1821DD2-05E3-4443-BC1F-0E03E18B1CC8}.Debug|Any CPU.Build.0 = Debug|Any CPU
		{C1821DD2-05E3-4443-BC1F-0E03E18B1CC8}.Release|Any CPU.ActiveCfg = Release|Any CPU
		{C1821DD2-05E3-4443-BC1F-0E03E18B1CC8}.Release|Any CPU.Build.0 = Release|Any CPU
	EndGlobalSection
	GlobalSection(SolutionProperties) = preSolution
		HideSolutionNode = FALSE
	EndGlobalSection
	GlobalSection(ExtensibilityGlobals) = postSolution
		SolutionGuid = {439AA09F-5B6F-4517-A11D-C55F7D88EABC}
	EndGlobalSection
EndGlobal
